
Microsoft Visual Studio Solution File, Format Version 12.00
# Visual Studio Version 17
VisualStudioVersion = 17.14.36414.22
MinimumVisualStudioVersion = 10.0.40219.1
Project("{2150E333-8FDC-42A3-9474-1A3956D46DE8}") = "Task0", "Task0", "{02EA681E-C7D8-13C7-8484-4AC65E1B71E8}"
EndProject
Project("{FAE04EC0-301F-11D3-BF4B-00C04F79EFBC}") = "Tyuiu.MalcevDV.Sprint3.Task0.V13", "Tyuiu.MalcevDV.Sprint3.Task0.V13\Tyuiu.MalcevDV.Sprint3.Task0.V13.csproj", "{EE09D4A0-791D-4A91-A3CF-D2783BF456D1}"
EndProject
Project("{FAE04EC0-301F-11D3-BF4B-00C04F79EFBC}") = "Tyuiu.MalcevDV.Sprint3.Task0.V13.Lib", "Tyuiu.MalcevDV.Sprint3.Task0.V13.Lib\Tyuiu.MalcevDV.Sprint3.Task0.V13.Lib.csproj", "{F9CF2631-F13B-4D83-9536-B44372CFF314}"
EndProject
Project("{FAE04EC0-301F-11D3-BF4B-00C04F79EFBC}") = "Tyuiu.MalcevDV.Sprint3.Task0.V13.Test", "Tyuiu.MalcevDV.Sprint3.Task0.V13.Test\Tyuiu.MalcevDV.Sprint3.Task0.V13.Test.csproj", "{2C504F3F-E083-42BE-A932-095ABDE5D5FA}"
EndProject
Project("{2150E333-8FDC-42A3-9474-1A3956D46DE8}") = "Task1", "Task1", "{069613AF-7FF9-4FE2-8187-D3FA860EC5A4}"
EndProject
Project("{FAE04EC0-301F-11D3-BF4B-00C04F79EFBC}") = "Tyuiu.MalcevDV.Sprint3.Task1.V28", "Tyuiu.MalcevDV.Sprint3.Task1.V28\Tyuiu.MalcevDV.Sprint3.Task1.V28.csproj", "{CDB4CB76-D596-4B22-BDD5-B443FAAB6874}"
EndProject
Project("{FAE04EC0-301F-11D3-BF4B-00C04F79EFBC}") = "Tyuiu.MalcevDV.Sprint3.Task1.V28.Lib", "Tyuiu.MalcevDV.Sprint3.Task1.V28.Lib\Tyuiu.MalcevDV.Sprint3.Task1.V28.Lib.csproj", "{C34568BB-AB2A-46BD-AF80-226642DA7342}"
EndProject
Project("{FAE04EC0-301F-11D3-BF4B-00C04F79EFBC}") = "Tyuiu.MalcevDV.Sprint3.Task1.V28.Test", "Tyuiu.MalcevDV.Sprint3.Task1.V28.Test\Tyuiu.MalcevDV.Sprint3.Task1.V28.Test.csproj", "{47BB278D-96B9-4853-8E2D-558419F0639E}"
EndProject
Project("{2150E333-8FDC-42A3-9474-1A3956D46DE8}") = "Task2", "Task2", "{12873091-57DB-4F4F-9049-40061CD83185}"
EndProject
Project("{FAE04EC0-301F-11D3-BF4B-00C04F79EFBC}") = "Tyuiu.MalcevDV.Sprint3.Task2.V24", "Tyuiu.MalcevDV.Sprint3.Task2.V24\Tyuiu.MalcevDV.Sprint3.Task2.V24.csproj", "{A2925824-0F80-4365-9802-A78541500BB8}"
EndProject
Project("{FAE04EC0-301F-11D3-BF4B-00C04F79EFBC}") = "Tyuiu.MalcevDV.Sprint3.Task2.V24.Lib", "Tyuiu.MalcevDV.Sprint3.Task2.V24.Lib\Tyuiu.MalcevDV.Sprint3.Task2.V24.Lib.csproj", "{6BD0A01C-0015-4172-B8B4-EF8B3235D584}"
EndProject
Project("{FAE04EC0-301F-11D3-BF4B-00C04F79EFBC}") = "Tyuiu.MalcevDV.Sprint3.Task2.V24.Test", "Tyuiu.MalcevDV.Sprint3.Task2.V24.Test\Tyuiu.MalcevDV.Sprint3.Task2.V24.Test.csproj", "{71C5B95E-BE9A-4B70-B5C7-A789C5B868D1}"
EndProject
Project("{2150E333-8FDC-42A3-9474-1A3956D46DE8}") = "Task3", "Task3", "{9B76432F-2837-41BB-9CA4-909781D71F74}"
EndProject
Project("{FAE04EC0-301F-11D3-BF4B-00C04F79EFBC}") = "Tyuiu.MalcevDV.Sprint3.Task3.V23", "Tyuiu.MalcevDV.Sprint3.Task3.V23\Tyuiu.MalcevDV.Sprint3.Task3.V23.csproj", "{B2B760D5-6FFC-4215-80C2-EAF39885AAC6}"
EndProject
Project("{FAE04EC0-301F-11D3-BF4B-00C04F79EFBC}") = "Tyuiu.MalcevDV.Sprint3.Task3.V23.Lib", "Tyuiu.MalcevDV.Sprint3.Task3.V23.Lib\Tyuiu.MalcevDV.Sprint3.Task3.V23.Lib.csproj", "{4651B9C7-5F4C-4F3C-BB08-1A7E973627A5}"
EndProject
Project("{FAE04EC0-301F-11D3-BF4B-00C04F79EFBC}") = "Tyuiu.MalcevDV.Sprint3.Task3.V23.Test", "Tyuiu.MalcevDV.Sprint3.Task3.V23.Test\Tyuiu.MalcevDV.Sprint3.Task3.V23.Test.csproj", "{B87E34AF-3CEF-4E96-B5DB-D2A73A93FEB4}"
EndProject
Project("{2150E333-8FDC-42A3-9474-1A3956D46DE8}") = "Task4", "Task4", "{6293ABE5-6A10-436C-A0A3-73881095CED9}"
EndProject
Project("{FAE04EC0-301F-11D3-BF4B-00C04F79EFBC}") = "Tyuiu.MalcevDV.Sprint3.Task4.V14", "Tyuiu.MalcevDV.Sprint3.Task4.V14\Tyuiu.MalcevDV.Sprint3.Task4.V14.csproj", "{DE7E6438-B2F5-41D3-A0B3-5EA336BAA9BF}"
EndProject
Project("{FAE04EC0-301F-11D3-BF4B-00C04F79EFBC}") = "Tyuiu.MalcevDV.Sprint3.Task4.V14.Lib", "Tyuiu.MalcevDV.Sprint3.Task4.V14.Lib\Tyuiu.MalcevDV.Sprint3.Task4.V14.Lib.csproj", "{287F4800-DFA0-47DF-A271-1EAC84BB7B37}"
EndProject
Project("{FAE04EC0-301F-11D3-BF4B-00C04F79EFBC}") = "Tyuiu.MalcevDV.Sprint3.Task4.V14.Test", "Tyuiu.MalcevDV.Sprint3.Task4.V14.Test\Tyuiu.MalcevDV.Sprint3.Task4.V14.Test.csproj", "{E8E9FD22-BEF3-4169-9109-00BB035AC9C5}"
EndProject
Project("{2150E333-8FDC-42A3-9474-1A3956D46DE8}") = "Task5", "Task5", "{F943558E-96FF-4D72-91BF-E116D9682447}"
EndProject
Project("{FAE04EC0-301F-11D3-BF4B-00C04F79EFBC}") = "Tyuiu.MalcevDV.Sprint3.Task5.V17", "Tyuiu.MalcevDV.Sprint3.Task5.V17\Tyuiu.MalcevDV.Sprint3.Task5.V17.csproj", "{0ED5043E-0AD0-4602-B41E-0ED6CDDE945C}"
EndProject
Project("{FAE04EC0-301F-11D3-BF4B-00C04F79EFBC}") = "Tyuiu.MalcevDV.Sprint3.Task5.V17.Lib", "Tyuiu.MalcevDV.Sprint3.Task5.V17.Lib\Tyuiu.MalcevDV.Sprint3.Task5.V17.Lib.csproj", "{8AEB9E5D-C381-46F4-89CA-0B3D856156ED}"
EndProject
Project("{FAE04EC0-301F-11D3-BF4B-00C04F79EFBC}") = "Tyuiu.MalcevDV.Sprint3.Task5.V17.Test", "Tyuiu.MalcevDV.Sprint3.Task5.V17.Test\Tyuiu.MalcevDV.Sprint3.Task5.V17.Test.csproj", "{9A07D9D1-8E67-4307-A5B1-AF8FC355D745}"
EndProject
Project("{2150E333-8FDC-42A3-9474-1A3956D46DE8}") = "Task6", "Task6", "{5227864B-7511-4EA0-905C-571C83B18851}"
EndProject
Project("{FAE04EC0-301F-11D3-BF4B-00C04F79EFBC}") = "Tyuiu.MalcevDV.Sprint3.Task6.V24", "Tyuiu.MalcevDV.Sprint3.Task6.V24\Tyuiu.MalcevDV.Sprint3.Task6.V24.csproj", "{A9AE737C-0AC8-4832-92FB-314DEE406E83}"
EndProject
Project("{FAE04EC0-301F-11D3-BF4B-00C04F79EFBC}") = "Tyuiu.MalcevDV.Sprint3.Task6.V24.Lib", "Tyuiu.MalcevDV.Sprint3.Task6.V24.Lib\Tyuiu.MalcevDV.Sprint3.Task6.V24.Lib.csproj", "{775ACF56-34FB-46BE-AFE8-146511FF8C74}"
EndProject
Project("{FAE04EC0-301F-11D3-BF4B-00C04F79EFBC}") = "Tyuiu.MalcevDV.Sprint3.Task6.V24.Test", "Tyuiu.MalcevDV.Sprint3.Task6.V24.Test\Tyuiu.MalcevDV.Sprint3.Task6.V24.Test.csproj", "{5268158C-C21B-4466-859E-B3A4D4BF5897}"
EndProject
Project("{2150E333-8FDC-42A3-9474-1A3956D46DE8}") = "Task7", "Task7", "{3DE61231-499D-4778-9412-27476BDE8E80}"
EndProject
Project("{FAE04EC0-301F-11D3-BF4B-00C04F79EFBC}") = "Tyuiu.MalcevDV.Sprint3.Task7.V26", "Tyuiu.MalcevDV.Sprint3.Task7.V26\Tyuiu.MalcevDV.Sprint3.Task7.V26.csproj", "{9152A962-3539-497F-9358-92F9F1578135}"
EndProject
Project("{FAE04EC0-301F-11D3-BF4B-00C04F79EFBC}") = "Tyuiu.MalcevDV.Sprint3.Task7.V26.Lib", "Tyuiu.MalcevDV.Sprint3.Task7.V26.Lib\Tyuiu.MalcevDV.Sprint3.Task7.V26.Lib.csproj", "{C66EAC15-674F-4C2B-9171-93D1448D2C99}"
EndProject
Project("{FAE04EC0-301F-11D3-BF4B-00C04F79EFBC}") = "Tyuiu.MalcevDV.Sprint3.Task7.V26.Test", "Tyuiu.MalcevDV.Sprint3.Task7.V26.Test\Tyuiu.MalcevDV.Sprint3.Task7.V26.Test.csproj", "{BAB6CCB8-42EB-40FF-80B4-225925369367}"
EndProject
Global
	GlobalSection(SolutionConfigurationPlatforms) = preSolution
		Debug|Any CPU = Debug|Any CPU
		Release|Any CPU = Release|Any CPU
	EndGlobalSection
	GlobalSection(ProjectConfigurationPlatforms) = postSolution
		{EE09D4A0-791D-4A91-A3CF-D2783BF456D1}.Debug|Any CPU.ActiveCfg = Debug|Any CPU
		{EE09D4A0-791D-4A91-A3CF-D2783BF456D1}.Debug|Any CPU.Build.0 = Debug|Any CPU
		{EE09D4A0-791D-4A91-A3CF-D2783BF456D1}.Release|Any CPU.ActiveCfg = Release|Any CPU
		{EE09D4A0-791D-4A91-A3CF-D2783BF456D1}.Release|Any CPU.Build.0 = Release|Any CPU
		{F9CF2631-F13B-4D83-9536-B44372CFF314}.Debug|Any CPU.ActiveCfg = Debug|Any CPU
		{F9CF2631-F13B-4D83-9536-B44372CFF314}.Debug|Any CPU.Build.0 = Debug|Any CPU
		{F9CF2631-F13B-4D83-9536-B44372CFF314}.Release|Any CPU.ActiveCfg = Release|Any CPU
		{F9CF2631-F13B-4D83-9536-B44372CFF314}.Release|Any CPU.Build.0 = Release|Any CPU
		{2C504F3F-E083-42BE-A932-095ABDE5D5FA}.Debug|Any CPU.ActiveCfg = Debug|Any CPU
		{2C504F3F-E083-42BE-A932-095ABDE5D5FA}.Debug|Any CPU.Build.0 = Debug|Any CPU
		{2C504F3F-E083-42BE-A932-095ABDE5D5FA}.Release|Any CPU.ActiveCfg = Release|Any CPU
		{2C504F3F-E083-42BE-A932-095ABDE5D5FA}.Release|Any CPU.Build.0 = Release|Any CPU
		{CDB4CB76-D596-4B22-BDD5-B443FAAB6874}.Debug|Any CPU.ActiveCfg = Debug|Any CPU
		{CDB4CB76-D596-4B22-BDD5-B443FAAB6874}.Debug|Any CPU.Build.0 = Debug|Any CPU
		{CDB4CB76-D596-4B22-BDD5-B443FAAB6874}.Release|Any CPU.ActiveCfg = Release|Any CPU
		{CDB4CB76-D596-4B22-BDD5-B443FAAB6874}.Release|Any CPU.Build.0 = Release|Any CPU
		{C34568BB-AB2A-46BD-AF80-226642DA7342}.Debug|Any CPU.ActiveCfg = Debug|Any CPU
		{C34568BB-AB2A-46BD-AF80-226642DA7342}.Debug|Any CPU.Build.0 = Debug|Any CPU
		{C34568BB-AB2A-46BD-AF80-226642DA7342}.Release|Any CPU.ActiveCfg = Release|Any CPU
		{C34568BB-AB2A-46BD-AF80-226642DA7342}.Release|Any CPU.Build.0 = Release|Any CPU
		{47BB278D-96B9-4853-8E2D-558419F0639E}.Debug|Any CPU.ActiveCfg = Debug|Any CPU
		{47BB278D-96B9-4853-8E2D-558419F0639E}.Debug|Any CPU.Build.0 = Debug|Any CPU
		{47BB278D-96B9-4853-8E2D-558419F0639E}.Release|Any CPU.ActiveCfg = Release|Any CPU
		{47BB278D-96B9-4853-8E2D-558419F0639E}.Release|Any CPU.Build.0 = Release|Any CPU
		{A2925824-0F80-4365-9802-A78541500BB8}.Debug|Any CPU.ActiveCfg = Debug|Any CPU
		{A2925824-0F80-4365-9802-A78541500BB8}.Debug|Any CPU.Build.0 = Debug|Any CPU
		{A2925824-0F80-4365-9802-A78541500BB8}.Release|Any CPU.ActiveCfg = Release|Any CPU
		{A2925824-0F80-4365-9802-A78541500BB8}.Release|Any CPU.Build.0 = Release|Any CPU
		{6BD0A01C-0015-4172-B8B4-EF8B3235D584}.Debug|Any CPU.ActiveCfg = Debug|Any CPU
		{6BD0A01C-0015-4172-B8B4-EF8B3235D584}.Debug|Any CPU.Build.0 = Debug|Any CPU
		{6BD0A01C-0015-4172-B8B4-EF8B3235D584}.Release|Any CPU.ActiveCfg = Release|Any CPU
		{6BD0A01C-0015-4172-B8B4-EF8B3235D584}.Release|Any CPU.Build.0 = Release|Any CPU
		{71C5B95E-BE9A-4B70-B5C7-A789C5B868D1}.Debug|Any CPU.ActiveCfg = Debug|Any CPU
		{71C5B95E-BE9A-4B70-B5C7-A789C5B868D1}.Debug|Any CPU.Build.0 = Debug|Any CPU
		{71C5B95E-BE9A-4B70-B5C7-A789C5B868D1}.Release|Any CPU.ActiveCfg = Release|Any CPU
		{71C5B95E-BE9A-4B70-B5C7-A789C5B868D1}.Release|Any CPU.Build.0 = Release|Any CPU
		{B2B760D5-6FFC-4215-80C2-EAF39885AAC6}.Debug|Any CPU.ActiveCfg = Debug|Any CPU
		{B2B760D5-6FFC-4215-80C2-EAF39885AAC6}.Debug|Any CPU.Build.0 = Debug|Any CPU
		{B2B760D5-6FFC-4215-80C2-EAF39885AAC6}.Release|Any CPU.ActiveCfg = Release|Any CPU
		{B2B760D5-6FFC-4215-80C2-EAF39885AAC6}.Release|Any CPU.Build.0 = Release|Any CPU
		{4651B9C7-5F4C-4F3C-BB08-1A7E973627A5}.Debug|Any CPU.ActiveCfg = Debug|Any CPU
		{4651B9C7-5F4C-4F3C-BB08-1A7E973627A5}.Debug|Any CPU.Build.0 = Debug|Any CPU
		{4651B9C7-5F4C-4F3C-BB08-1A7E973627A5}.Release|Any CPU.ActiveCfg = Release|Any CPU
		{4651B9C7-5F4C-4F3C-BB08-1A7E973627A5}.Release|Any CPU.Build.0 = Release|Any CPU
		{B87E34AF-3CEF-4E96-B5DB-D2A73A93FEB4}.Debug|Any CPU.ActiveCfg = Debug|Any CPU
		{B87E34AF-3CEF-4E96-B5DB-D2A73A93FEB4}.Debug|Any CPU.Build.0 = Debug|Any CPU
		{B87E34AF-3CEF-4E96-B5DB-D2A73A93FEB4}.Release|Any CPU.ActiveCfg = Release|Any CPU
		{B87E34AF-3CEF-4E96-B5DB-D2A73A93FEB4}.Release|Any CPU.Build.0 = Release|Any CPU
		{DE7E6438-B2F5-41D3-A0B3-5EA336BAA9BF}.Debug|Any CPU.ActiveCfg = Debug|Any CPU
		{DE7E6438-B2F5-41D3-A0B3-5EA336BAA9BF}.Debug|Any CPU.Build.0 = Debug|Any CPU
		{DE7E6438-B2F5-41D3-A0B3-5EA336BAA9BF}.Release|Any CPU.ActiveCfg = Release|Any CPU
		{DE7E6438-B2F5-41D3-A0B3-5EA336BAA9BF}.Release|Any CPU.Build.0 = Release|Any CPU
		{287F4800-DFA0-47DF-A271-1EAC84BB7B37}.Debug|Any CPU.ActiveCfg = Debug|Any CPU
		{287F4800-DFA0-47DF-A271-1EAC84BB7B37}.Debug|Any CPU.Build.0 = Debug|Any CPU
		{287F4800-DFA0-47DF-A271-1EAC84BB7B37}.Release|Any CPU.ActiveCfg = Release|Any CPU
		{287F4800-DFA0-47DF-A271-1EAC84BB7B37}.Release|Any CPU.Build.0 = Release|Any CPU
		{E8E9FD22-BEF3-4169-9109-00BB035AC9C5}.Debug|Any CPU.ActiveCfg = Debug|Any CPU
		{E8E9FD22-BEF3-4169-9109-00BB035AC9C5}.Debug|Any CPU.Build.0 = Debug|Any CPU
		{E8E9FD22-BEF3-4169-9109-00BB035AC9C5}.Release|Any CPU.ActiveCfg = Release|Any CPU
		{E8E9FD22-BEF3-4169-9109-00BB035AC9C5}.Release|Any CPU.Build.0 = Release|Any CPU
		{0ED5043E-0AD0-4602-B41E-0ED6CDDE945C}.Debug|Any CPU.ActiveCfg = Debug|Any CPU
		{0ED5043E-0AD0-4602-B41E-0ED6CDDE945C}.Debug|Any CPU.Build.0 = Debug|Any CPU
		{0ED5043E-0AD0-4602-B41E-0ED6CDDE945C}.Release|Any CPU.ActiveCfg = Release|Any CPU
		{0ED5043E-0AD0-4602-B41E-0ED6CDDE945C}.Release|Any CPU.Build.0 = Release|Any CPU
		{8AEB9E5D-C381-46F4-89CA-0B3D856156ED}.Debug|Any CPU.ActiveCfg = Debug|Any CPU
		{8AEB9E5D-C381-46F4-89CA-0B3D856156ED}.Debug|Any CPU.Build.0 = Debug|Any CPU
		{8AEB9E5D-C381-46F4-89CA-0B3D856156ED}.Release|Any CPU.ActiveCfg = Release|Any CPU
		{8AEB9E5D-C381-46F4-89CA-0B3D856156ED}.Release|Any CPU.Build.0 = Release|Any CPU
		{9A07D9D1-8E67-4307-A5B1-AF8FC355D745}.Debug|Any CPU.ActiveCfg = Debug|Any CPU
		{9A07D9D1-8E67-4307-A5B1-AF8FC355D745}.Debug|Any CPU.Build.0 = Debug|Any CPU
		{9A07D9D1-8E67-4307-A5B1-AF8FC355D745}.Release|Any CPU.ActiveCfg = Release|Any CPU
		{9A07D9D1-8E67-4307-A5B1-AF8FC355D745}.Release|Any CPU.Build.0 = Release|Any CPU
		{A9AE737C-0AC8-4832-92FB-314DEE406E83}.Debug|Any CPU.ActiveCfg = Debug|Any CPU
		{A9AE737C-0AC8-4832-92FB-314DEE406E83}.Debug|Any CPU.Build.0 = Debug|Any CPU
		{A9AE737C-0AC8-4832-92FB-314DEE406E83}.Release|Any CPU.ActiveCfg = Release|Any CPU
		{A9AE737C-0AC8-4832-92FB-314DEE406E83}.Release|Any CPU.Build.0 = Release|Any CPU
		{775ACF56-34FB-46BE-AFE8-146511FF8C74}.Debug|Any CPU.ActiveCfg = Debug|Any CPU
		{775ACF56-34FB-46BE-AFE8-146511FF8C74}.Debug|Any CPU.Build.0 = Debug|Any CPU
		{775ACF56-34FB-46BE-AFE8-146511FF8C74}.Release|Any CPU.ActiveCfg = Release|Any CPU
		{775ACF56-34FB-46BE-AFE8-146511FF8C74}.Release|Any CPU.Build.0 = Release|Any CPU
		{5268158C-C21B-4466-859E-B3A4D4BF5897}.Debug|Any CPU.ActiveCfg = Debug|Any CPU
		{5268158C-C21B-4466-859E-B3A4D4BF5897}.Debug|Any CPU.Build.0 = Debug|Any CPU
		{5268158C-C21B-4466-859E-B3A4D4BF5897}.Release|Any CPU.ActiveCfg = Release|Any CPU
		{5268158C-C21B-4466-859E-B3A4D4BF5897}.Release|Any CPU.Build.0 = Release|Any CPU
		{9152A962-3539-497F-9358-92F9F1578135}.Debug|Any CPU.ActiveCfg = Debug|Any CPU
		{9152A962-3539-497F-9358-92F9F1578135}.Debug|Any CPU.Build.0 = Debug|Any CPU
		{9152A962-3539-497F-9358-92F9F1578135}.Release|Any CPU.ActiveCfg = Release|Any CPU
		{9152A962-3539-497F-9358-92F9F1578135}.Release|Any CPU.Build.0 = Release|Any CPU
		{C66EAC15-674F-4C2B-9171-93D1448D2C99}.Debug|Any CPU.ActiveCfg = Debug|Any CPU
		{C66EAC15-674F-4C2B-9171-93D1448D2C99}.Debug|Any CPU.Build.0 = Debug|Any CPU
		{C66EAC15-674F-4C2B-9171-93D1448D2C99}.Release|Any CPU.ActiveCfg = Release|Any CPU
		{C66EAC15-674F-4C2B-9171-93D1448D2C99}.Release|Any CPU.Build.0 = Release|Any CPU
		{BAB6CCB8-42EB-40FF-80B4-225925369367}.Debug|Any CPU.ActiveCfg = Debug|Any CPU
		{BAB6CCB8-42EB-40FF-80B4-225925369367}.Debug|Any CPU.Build.0 = Debug|Any CPU
		{BAB6CCB8-42EB-40FF-80B4-225925369367}.Release|Any CPU.ActiveCfg = Release|Any CPU
		{BAB6CCB8-42EB-40FF-80B4-225925369367}.Release|Any CPU.Build.0 = Release|Any CPU
	EndGlobalSection
	GlobalSection(SolutionProperties) = preSolution
		HideSolutionNode = FALSE
	EndGlobalSection
	GlobalSection(NestedProjects) = preSolution
		{EE09D4A0-791D-4A91-A3CF-D2783BF456D1} = {02EA681E-C7D8-13C7-8484-4AC65E1B71E8}
		{F9CF2631-F13B-4D83-9536-B44372CFF314} = {02EA681E-C7D8-13C7-8484-4AC65E1B71E8}
		{2C504F3F-E083-42BE-A932-095ABDE5D5FA} = {02EA681E-C7D8-13C7-8484-4AC65E1B71E8}
		{CDB4CB76-D596-4B22-BDD5-B443FAAB6874} = {069613AF-7FF9-4FE2-8187-D3FA860EC5A4}
		{C34568BB-AB2A-46BD-AF80-226642DA7342} = {069613AF-7FF9-4FE2-8187-D3FA860EC5A4}
		{47BB278D-96B9-4853-8E2D-558419F0639E} = {069613AF-7FF9-4FE2-8187-D3FA860EC5A4}
		{A2925824-0F80-4365-9802-A78541500BB8} = {12873091-57DB-4F4F-9049-40061CD83185}
		{6BD0A01C-0015-4172-B8B4-EF8B3235D584} = {12873091-57DB-4F4F-9049-40061CD83185}
		{71C5B95E-BE9A-4B70-B5C7-A789C5B868D1} = {12873091-57DB-4F4F-9049-40061CD83185}
		{B2B760D5-6FFC-4215-80C2-EAF39885AAC6} = {9B76432F-2837-41BB-9CA4-909781D71F74}
		{4651B9C7-5F4C-4F3C-BB08-1A7E973627A5} = {9B76432F-2837-41BB-9CA4-909781D71F74}
		{B87E34AF-3CEF-4E96-B5DB-D2A73A93FEB4} = {9B76432F-2837-41BB-9CA4-909781D71F74}
		{DE7E6438-B2F5-41D3-A0B3-5EA336BAA9BF} = {6293ABE5-6A10-436C-A0A3-73881095CED9}
		{287F4800-DFA0-47DF-A271-1EAC84BB7B37} = {6293ABE5-6A10-436C-A0A3-73881095CED9}
		{E8E9FD22-BEF3-4169-9109-00BB035AC9C5} = {6293ABE5-6A10-436C-A0A3-73881095CED9}
		{0ED5043E-0AD0-4602-B41E-0ED6CDDE945C} = {F943558E-96FF-4D72-91BF-E116D9682447}
		{8AEB9E5D-C381-46F4-89CA-0B3D856156ED} = {F943558E-96FF-4D72-91BF-E116D9682447}
		{9A07D9D1-8E67-4307-A5B1-AF8FC355D745} = {F943558E-96FF-4D72-91BF-E116D9682447}
		{A9AE737C-0AC8-4832-92FB-314DEE406E83} = {5227864B-7511-4EA0-905C-571C83B18851}
		{775ACF56-34FB-46BE-AFE8-146511FF8C74} = {5227864B-7511-4EA0-905C-571C83B18851}
		{5268158C-C21B-4466-859E-B3A4D4BF5897} = {5227864B-7511-4EA0-905C-571C83B18851}
		{9152A962-3539-497F-9358-92F9F1578135} = {3DE61231-499D-4778-9412-27476BDE8E80}
		{C66EAC15-674F-4C2B-9171-93D1448D2C99} = {3DE61231-499D-4778-9412-27476BDE8E80}
		{BAB6CCB8-42EB-40FF-80B4-225925369367} = {3DE61231-499D-4778-9412-27476BDE8E80}
	EndGlobalSection
	GlobalSection(ExtensibilityGlobals) = postSolution
		SolutionGuid = {1D74FBFF-34A8-4D3F-AC0B-78764B854A24}
	EndGlobalSection
EndGlobal
